
Microsoft Visual Studio Solution File, Format Version 12.00
# Visual Studio Version 17
VisualStudioVersion = 17.8.34330.188
MinimumVisualStudioVersion = 10.0.40219.1
Project("{9A19103F-16F7-4668-BE54-9A1E7A4F7556}") = "PD2Launcherv2", "PD2Launcherv2\PD2Launcherv2.csproj", "{88501D78-990F-4F64-B002-B27FC3A65927}"
EndProject
Project("{2150E333-8FDC-42A3-9474-1A3956D46DE8}") = "Documentation", "Documentation", "{1D5A85A1-1523-4038-A854-E2B9481CB7AA}"
	ProjectSection(SolutionItems) = preProject
		About.md = About.md
		Filters.md = Filters.md
		MainWindow.md = MainWindow.md
		Options.md = Options.md
		Storage.md = Storage.md
	EndProjectSection
EndProject
Global
	GlobalSection(SolutionConfigurationPlatforms) = preSolution
		Debug|Any CPU = Debug|Any CPU
		Release|Any CPU = Release|Any CPU
	EndGlobalSection
	GlobalSection(ProjectConfigurationPlatforms) = postSolution
		{88501D78-990F-4F64-B002-B27FC3A65927}.Debug|Any CPU.ActiveCfg = Debug|Any CPU
		{88501D78-990F-4F64-B002-B27FC3A65927}.Debug|Any CPU.Build.0 = Debug|Any CPU
		{88501D78-990F-4F64-B002-B27FC3A65927}.Release|Any CPU.ActiveCfg = Release|Any CPU
		{88501D78-990F-4F64-B002-B27FC3A65927}.Release|Any CPU.Build.0 = Release|Any CPU
	EndGlobalSection
	GlobalSection(SolutionProperties) = preSolution
		HideSolutionNode = FALSE
	EndGlobalSection
	GlobalSection(ExtensibilityGlobals) = postSolution
		SolutionGuid = {82F508EF-CEBD-4E26-A7AD-32F4B7B25FEC}
	EndGlobalSection
EndGlobal
